
Microsoft Visual Studio Solution File, Format Version 12.00
# Visual Studio Version 17
VisualStudioVersion = 17.13.35825.156
MinimumVisualStudioVersion = 10.0.40219.1
Project("{FAE04EC0-301F-11D3-BF4B-00C04F79EFBC}") = "BookTrack.Api", "BookTrack.Api\BookTrack.Api.csproj", "{3E6F573D-BCCF-7FC3-CD34-0AA0F00673F3}"
	ProjectSection(ProjectDependencies) = postProject
		{F063F008-4E29-4DB3-8427-A1A3B7CD7DF0} = {F063F008-4E29-4DB3-8427-A1A3B7CD7DF0}
	EndProjectSection
EndProject
Project("{FAE04EC0-301F-11D3-BF4B-00C04F79EFBC}") = "BookTrack.Data", "BookTrack.Data\BookTrack.Data.csproj", "{F063F008-4E29-4DB3-8427-A1A3B7CD7DF0}"
EndProject
Global
	GlobalSection(SolutionConfigurationPlatforms) = preSolution
		Debug|Any CPU = Debug|Any CPU
		Release|Any CPU = Release|Any CPU
	EndGlobalSection
	GlobalSection(ProjectConfigurationPlatforms) = postSolution
		{3E6F573D-BCCF-7FC3-CD34-0AA0F00673F3}.Debug|Any CPU.ActiveCfg = Debug|Any CPU
		{3E6F573D-BCCF-7FC3-CD34-0AA0F00673F3}.Debug|Any CPU.Build.0 = Debug|Any CPU
		{3E6F573D-BCCF-7FC3-CD34-0AA0F00673F3}.Release|Any CPU.ActiveCfg = Release|Any CPU
		{3E6F573D-BCCF-7FC3-CD34-0AA0F00673F3}.Release|Any CPU.Build.0 = Release|Any CPU
		{F063F008-4E29-4DB3-8427-A1A3B7CD7DF0}.Debug|Any CPU.ActiveCfg = Debug|Any CPU
		{F063F008-4E29-4DB3-8427-A1A3B7CD7DF0}.Debug|Any CPU.Build.0 = Debug|Any CPU
		{F063F008-4E29-4DB3-8427-A1A3B7CD7DF0}.Release|Any CPU.ActiveCfg = Release|Any CPU
		{F063F008-4E29-4DB3-8427-A1A3B7CD7DF0}.Release|Any CPU.Build.0 = Release|Any CPU
	EndGlobalSection
	GlobalSection(SolutionProperties) = preSolution
		HideSolutionNode = FALSE
	EndGlobalSection
	GlobalSection(ExtensibilityGlobals) = postSolution
		SolutionGuid = {BABDD773-4866-4B9A-8C06-9E39314D05D0}
	EndGlobalSection
EndGlobal
